
Microsoft Visual Studio Solution File, Format Version 12.00
# Visual Studio Version 16
VisualStudioVersion = 16.0.31112.23
MinimumVisualStudioVersion = 10.0.40219.1
Project("{FAE04EC0-301F-11D3-BF4B-00C04F79EFBC}") = "user_addr", "user_addr\user_addr.csproj", "{4A4E4E28-2C6D-4A42-8139-CEEB61898D5C}"
EndProject
Global
	GlobalSection(SolutionConfigurationPlatforms) = preSolution
		Debug|Any CPU = Debug|Any CPU
		Release|Any CPU = Release|Any CPU
	EndGlobalSection
	GlobalSection(ProjectConfigurationPlatforms) = postSolution
		{4A4E4E28-2C6D-4A42-8139-CEEB61898D5C}.Debug|Any CPU.ActiveCfg = Debug|Any CPU
		{4A4E4E28-2C6D-4A42-8139-CEEB61898D5C}.Debug|Any CPU.Build.0 = Debug|Any CPU
		{4A4E4E28-2C6D-4A42-8139-CEEB61898D5C}.Release|Any CPU.ActiveCfg = Release|Any CPU
		{4A4E4E28-2C6D-4A42-8139-CEEB61898D5C}.Release|Any CPU.Build.0 = Release|Any CPU
	EndGlobalSection
	GlobalSection(SolutionProperties) = preSolution
		HideSolutionNode = FALSE
	EndGlobalSection
	GlobalSection(ExtensibilityGlobals) = postSolution
		SolutionGuid = {5A2BC802-0FD2-417C-981C-CE1DDC3DE54A}
	EndGlobalSection
EndGlobal
